
Microsoft Visual Studio Solution File, Format Version 12.00
# Visual Studio Version 17
VisualStudioVersion = 17.14.37203.1 d17.14
MinimumVisualStudioVersion = 10.0.40219.1
Project("{F184B08F-C81C-45F6-A57F-5ABD9991F28F}") = "TournamentSort", "TournamentSort\TournamentSort.vbproj", "{1BA8C467-C708-443C-BA65-F2F480DF6626}"
EndProject
Global
	GlobalSection(SolutionConfigurationPlatforms) = preSolution
		Debug|Any CPU = Debug|Any CPU
		Release|Any CPU = Release|Any CPU
	EndGlobalSection
	GlobalSection(ProjectConfigurationPlatforms) = postSolution
		{1BA8C467-C708-443C-BA65-F2F480DF6626}.Debug|Any CPU.ActiveCfg = Debug|Any CPU
		{1BA8C467-C708-443C-BA65-F2F480DF6626}.Debug|Any CPU.Build.0 = Debug|Any CPU
		{1BA8C467-C708-443C-BA65-F2F480DF6626}.Release|Any CPU.ActiveCfg = Release|Any CPU
		{1BA8C467-C708-443C-BA65-F2F480DF6626}.Release|Any CPU.Build.0 = Release|Any CPU
	EndGlobalSection
	GlobalSection(SolutionProperties) = preSolution
		HideSolutionNode = FALSE
	EndGlobalSection
	GlobalSection(ExtensibilityGlobals) = postSolution
		SolutionGuid = {C249B5EE-AB97-4A27-902D-58765D040F30}
	EndGlobalSection
EndGlobal
